// !$*UTF8*$!
{
	archiveVersion = 1;
	classes = {
	};
	objectVersion = 46;
	objects = {

/* Begin PBXBuildFile section */
		587BC58AC4BD53632ED0A347 /* Pods.framework in Frameworks */ = {isa = PBXBuildFile; fileRef = 25CA89E3BEDF95D2B34E9DB7 /* Pods.framework */; };
		B633F0FA1C7FDF5F0094A3CA /* AppDelegate.swift in Sources */ = {isa = PBXBuildFile; fileRef = B633F0F91C7FDF5F0094A3CA /* AppDelegate.swift */; };
		B633F0FC1C7FDF5F0094A3CA /* ViewController.swift in Sources */ = {isa = PBXBuildFile; fileRef = B633F0FB1C7FDF5F0094A3CA /* ViewController.swift */; };
		B633F0FF1C7FDF5F0094A3CA /* Main.storyboard in Resources */ = {isa = PBXBuildFile; fileRef = B633F0FD1C7FDF5F0094A3CA /* Main.storyboard */; };
		B633F1011C7FDF5F0094A3CA /* Assets.xcassets in Resources */ = {isa = PBXBuildFile; fileRef = B633F1001C7FDF5F0094A3CA /* Assets.xcassets */; };
		B633F1041C7FDF5F0094A3CA /* LaunchScreen.storyboard in Resources */ = {isa = PBXBuildFile; fileRef = B633F1021C7FDF5F0094A3CA /* LaunchScreen.storyboard */; };
/* End PBXBuildFile section */

/* Begin PBXFileReference section */
		25CA89E3BEDF95D2B34E9DB7 /* Pods.framework */ = {isa = PBXFileReference; explicitFileType = wrapper.framework; includeInIndex = 0; path = Pods.framework; sourceTree = BUILT_PRODUCTS_DIR; };
		45BE5733F0D406D2C2B866DB /* Pods.debug.xcconfig */ = {isa = PBXFileReference; includeInIndex = 1; lastKnownFileType = text.xcconfig; name = Pods.debug.xcconfig; path = "Pods/Target Support Files/Pods/Pods.debug.xcconfig"; sourceTree = "<group>"; };
		B633F0F61C7FDF5F0094A3CA /* Example.app */ = {isa = PBXFileReference; explicitFileType = wrapper.application; includeInIndex = 0; path = Example.app; sourceTree = BUILT_PRODUCTS_DIR; };
		B633F0F91C7FDF5F0094A3CA /* AppDelegate.swift */ = {isa = PBXFileReference; lastKnownFileType = sourcecode.swift; path = AppDelegate.swift; sourceTree = "<group>"; };
		B633F0FB1C7FDF5F0094A3CA /* ViewController.swift */ = {isa = PBXFileReference; lastKnownFileType = sourcecode.swift; path = ViewController.swift; sourceTree = "<group>"; };
		B633F0FE1C7FDF5F0094A3CA /* Base */ = {isa = PBXFileReference; lastKnownFileType = file.storyboard; name = Base; path = Base.lproj/Main.storyboard; sourceTree = "<group>"; };
		B633F1001C7FDF5F0094A3CA /* Assets.xcassets */ = {isa = PBXFileReference; lastKnownFileType = folder.assetcatalog; path = Assets.xcassets; sourceTree = "<group>"; };
		B633F1031C7FDF5F0094A3CA /* Base */ = {isa = PBXFileReference; lastKnownFileType = file.storyboard; name = Base; path = Base.lproj/LaunchScreen.storyboard; sourceTree = "<group>"; };
		B633F1051C7FDF5F0094A3CA /* Info.plist */ = {isa = PBXFileReference; lastKnownFileType = text.plist.xml; path = Info.plist; sourceTree = "<group>"; };
		BF15F782556E590CC77D0D32 /* Pods.release.xcconfig */ = {isa = PBXFileReference; includeInIndex = 1; lastKnownFileType = text.xcconfig; name = Pods.release.xcconfig; path = "Pods/Target Support Files/Pods/Pods.release.xcconfig"; sourceTree = "<group>"; };
/* End PBXFileReference section */

/* Begin PBXFrameworksBuildPhase section */
		B633F0F31C7FDF5F0094A3CA /* Frameworks */ = {
			isa = PBXFrameworksBuildPhase;
			buildActionMask = 2147483647;
			files = (
				587BC58AC4BD53632ED0A347 /* Pods.framework in Frameworks */,
			);
			runOnlyForDeploymentPostprocessing = 0;
		};
/* End PBXFrameworksBuildPhase section */

/* Begin PBXGroup section */
		27B5C7E3241EE2F4A786FCB2 /* Frameworks */ = {
			isa = PBXGroup;
			children = (
				25CA89E3BEDF95D2B34E9DB7 /* Pods.framework */,
			);
			name = Frameworks;
			sourceTree = "<group>";
		};
		B633F0ED1C7FDF5F0094A3CA = {
			isa = PBXGroup;
			children = (
				B633F0F81C7FDF5F0094A3CA /* Example */,
				B633F0F71C7FDF5F0094A3CA /* Products */,
				C54270FEEE46C705AD2E8492 /* Pods */,
				27B5C7E3241EE2F4A786FCB2 /* Frameworks */,
			);
			sourceTree = "<group>";
		};
		B633F0F71C7FDF5F0094A3CA /* Products */ = {
			isa = PBXGroup;
			children = (
				B633F0F61C7FDF5F0094A3CA /* Example.app */,
			);
			name = Products;
			sourceTree = "<group>";
		};
		B633F0F81C7FDF5F0094A3CA /* Example */ = {
			isa = PBXGroup;
			children = (
				B633F0F91C7FDF5F0094A3CA /* AppDelegate.swift */,
				B633F0FB1C7FDF5F0094A3CA /* ViewController.swift */,
				B633F0FD1C7FDF5F0094A3CA /* Main.storyboard */,
				B633F1001C7FDF5F0094A3CA /* Assets.xcassets */,
				B633F1021C7FDF5F0094A3CA /* LaunchScreen.storyboard */,
				B633F1051C7FDF5F0094A3CA /* Info.plist */,
			);
			path = Example;
			sourceTree = "<group>";
		};
		C54270FEEE46C705AD2E8492 /* Pods */ = {
			isa = PBXGroup;
			children = (
				45BE5733F0D406D2C2B866DB /* Pods.debug.xcconfig */,
				BF15F782556E590CC77D0D32 /* Pods.release.xcconfig */,
			);
			name = Pods;
			sourceTree = "<group>";
		};
/* End PBXGroup section */

/* Begin PBXNativeTarget section */
		B633F0F51C7FDF5F0094A3CA /* Example */ = {
			isa = PBXNativeTarget;
			buildConfigurationList = B633F1081C7FDF5F0094A3CA /* Build configuration list for PBXNativeTarget "Example" */;
			buildPhases = (
				26106969B2A7864BEC294239 /* Check Pods Manifest.lock */,
				B633F0F21C7FDF5F0094A3CA /* Sources */,
				B633F0F31C7FDF5F0094A3CA /* Frameworks */,
				B633F0F41C7FDF5F0094A3CA /* Resources */,
				32E0BFEF5A54DADF5F870B47 /* Embed Pods Frameworks */,
				A9E16FAE4DE35F482682A17C /* Copy Pods Resources */,
			);
			buildRules = (
			);
			dependencies = (
			);
			name = Example;
			productName = Example;
			productReference = B633F0F61C7FDF5F0094A3CA /* Example.app */;
			productType = "com.apple.product-type.application";
		};
/* End PBXNativeTarget section */

/* Begin PBXProject section */
		B633F0EE1C7FDF5F0094A3CA /* Project object */ = {
			isa = PBXProject;
			attributes = {
				LastSwiftUpdateCheck = 0720;
				LastUpgradeCheck = 0720;
				ORGANIZATIONNAME = "Recruit Marketing Partners";
				TargetAttributes = {
					B633F0F51C7FDF5F0094A3CA = {
						CreatedOnToolsVersion = 7.2.1;
					};
				};
			};
			buildConfigurationList = B633F0F11C7FDF5F0094A3CA /* Build configuration list for PBXProject "Example" */;
			compatibilityVersion = "Xcode 3.2";
			developmentRegion = English;
			hasScannedForEncodings = 0;
			knownRegions = (
				en,
				Base,
			);
			mainGroup = B633F0ED1C7FDF5F0094A3CA;
			productRefGroup = B633F0F71C7FDF5F0094A3CA /* Products */;
			projectDirPath = "";
			projectRoot = "";
			targets = (
				B633F0F51C7FDF5F0094A3CA /* Example */,
			);
		};
/* End PBXProject section */

/* Begin PBXResourcesBuildPhase section */
		B633F0F41C7FDF5F0094A3CA /* Resources */ = {
			isa = PBXResourcesBuildPhase;
			buildActionMask = 2147483647;
			files = (
				B633F1041C7FDF5F0094A3CA /* LaunchScreen.storyboard in Resources */,
				B633F1011C7FDF5F0094A3CA /* Assets.xcassets in Resources */,
				B633F0FF1C7FDF5F0094A3CA /* Main.storyboard in Resources */,
			);
			runOnlyForDeploymentPostprocessing = 0;
		};
/* End PBXResourcesBuildPhase section */

/* Begin PBXShellScriptBuildPhase section */
		26106969B2A7864BEC294239 /* Check Pods Manifest.lock */ = {
			isa = PBXShellScriptBuildPhase;
			buildActionMask = 2147483647;
			files = (
			);
			inputPaths = (
			);
			name = "Check Pods Manifest.lock";
			outputPaths = (
			);
			runOnlyForDeploymentPostprocessing = 0;
			shellPath = /bin/sh;
			shellScript = "diff \"${PODS_ROOT}/../Podfile.lock\" \"${PODS_ROOT}/Manifest.lock\" > /dev/null\nif [[ $? != 0 ]] ; then\n    cat << EOM\nerror: The sandbox is not in sync with the Podfile.lock. Run 'pod install' or update your CocoaPods installation.\nEOM\n    exit 1\nfi\n";
			showEnvVarsInLog = 0;
		};
		32E0BFEF5A54DADF5F870B47 /* Embed Pods Frameworks */ = {
			isa = PBXShellScriptBuildPhase;
			buildActionMask = 2147483647;
			files = (
			);
			inputPaths = (
			);
			name = "Embed Pods Frameworks";
			outputPaths = (
			);
			runOnlyForDeploymentPostprocessing = 0;
			shellPath = /bin/sh;
			shellScript = "\"${SRCROOT}/Pods/Target Support Files/Pods/Pods-frameworks.sh\"\n";
			showEnvVarsInLog = 0;
		};
		A9E16FAE4DE35F482682A17C /* Copy Pods Resources */ = {
			isa = PBXShellScriptBuildPhase;
			buildActionMask = 2147483647;
			files = (
			);
			inputPaths = (
			);
			name = "Copy Pods Resources";
			outputPaths = (
			);
			runOnlyForDeploymentPostprocessing = 0;
			shellPath = /bin/sh;
			shellScript = "\"${SRCROOT}/Pods/Target Support Files/Pods/Pods-resources.sh\"\n";
			showEnvVarsInLog = 0;
		};
/* End PBXShellScriptBuildPhase section */

/* Begin PBXSourcesBuildPhase section */
		B633F0F21C7FDF5F0094A3CA /* Sources */ = {
			isa = PBXSourcesBuildPhase;
			buildActionMask = 2147483647;
			files = (
				B633F0FC1C7FDF5F0094A3CA /* ViewController.swift in Sources */,
				B633F0FA1C7FDF5F0094A3CA /* AppDelegate.swift in Sources */,
			);
			runOnlyForDeploymentPostprocessing = 0;
		};
/* End PBXSourcesBuildPhase section */

/* Begin PBXVariantGroup section */
		B633F0FD1C7FDF5F0094A3CA /* Main.storyboard */ = {
			isa = PBXVariantGroup;
			children = (
				B633F0FE1C7FDF5F0094A3CA /* Base */,
			);
			name = Main.storyboard;
			sourceTree = "<group>";
		};
		B633F1021C7FDF5F0094A3CA /* LaunchScreen.storyboard */ = {
			isa = PBXVariantGroup;
			children = (
				B633F1031C7FDF5F0094A3CA /* Base */,
			);
			name = LaunchScreen.storyboard;
			sourceTree = "<group>";
		};
/* End PBXVariantGroup section */

/* Begin XCBuildConfiguration section */
		B633F1061C7FDF5F0094A3CA /* Debug */ = {
			isa = XCBuildConfiguration;
			buildSettings = {
				ALWAYS_SEARCH_USER_PATHS = NO;
				CLANG_CXX_LANGUAGE_STANDARD = "gnu++0x";
				CLANG_CXX_LIBRARY = "libc++";
				CLANG_ENABLE_MODULES = YES;
				CLANG_ENABLE_OBJC_ARC = YES;
				CLANG_WARN_BOOL_CONVERSION = YES;
				CLANG_WARN_CONSTANT_CONVERSION = YES;
				CLANG_WARN_DIRECT_OBJC_ISA_USAGE = YES_ERROR;
				CLANG_WARN_EMPTY_BODY = YES;
				CLANG_WARN_ENUM_CONVERSION = YES;
				CLANG_WARN_INT_CONVERSION = YES;
				CLANG_WARN_OBJC_ROOT_CLASS = YES_ERROR;
				CLANG_WARN_UNREACHABLE_CODE = YES;
				CLANG_WARN__DUPLICATE_METHOD_MATCH = YES;
				"CODE_SIGN_IDENTITY[sdk=iphoneos*]" = "iPhone Developer";
				COPY_PHASE_STRIP = NO;
				DEBUG_INFORMATION_FORMAT = dwarf;
				ENABLE_STRICT_OBJC_MSGSEND = YES;
				ENABLE_TESTABILITY = YES;
				GCC_C_LANGUAGE_STANDARD = gnu99;
				GCC_DYNAMIC_NO_PIC = NO;
				GCC_NO_COMMON_BLOCKS = YES;
				GCC_OPTIMIZATION_LEVEL = 0;
				GCC_PREPROCESSOR_DEFINITIONS = (
					"DEBUG=1",
					"$(inherited)",
				);
				GCC_WARN_64_TO_32_BIT_CONVERSION = YES;
				GCC_WARN_ABOUT_RETURN_TYPE = YES_ERROR;
				GCC_WARN_UNDECLARED_SELECTOR = YES;
				GCC_WARN_UNINITIALIZED_AUTOS = YES_AGGRESSIVE;
				GCC_WARN_UNUSED_FUNCTION = YES;
				GCC_WARN_UNUSED_VARIABLE = YES;
				IPHONEOS_DEPLOYMENT_TARGET = 9.2;
				MTL_ENABLE_DEBUG_INFO = YES;
				ONLY_ACTIVE_ARCH = YES;
				SDKROOT = iphoneos;
				SWIFT_OPTIMIZATION_LEVEL = "-Onone";
			};
			name = Debug;
		};
		B633F1071C7FDF5F0094A3CA /* Release */ = {
			isa = XCBuildConfiguration;
			buildSettings = {
				ALWAYS_SEARCH_USER_PATHS = NO;
				CLANG_CXX_LANGUAGE_STANDARD = "gnu++0x";
				CLANG_CXX_LIBRARY = "libc++";
				CLANG_ENABLE_MODULES = YES;
				CLANG_ENABLE_OBJC_ARC = YES;
				CLANG_WARN_BOOL_CONVERSION = YES;
				CLANG_WARN_CONSTANT_CONVERSION = YES;
				CLANG_WARN_DIRECT_OBJC_ISA_USAGE = YES_ERROR;
				CLANG_WARN_EMPTY_BODY = YES;
				CLANG_WARN_ENUM_CONVERSION = YES;
				CLANG_WARN_INT_CONVERSION = YES;
				CLANG_WARN_OBJC_ROOT_CLASS = YES_ERROR;
				CLANG_WARN_UNREACHABLE_CODE = YES;
				CLANG_WARN__DUPLICATE_METHOD_MATCH = YES;
				"CODE_SIGN_IDENTITY[sdk=iphoneos*]" = "iPhone Developer";
				COPY_PHASE_STRIP = NO;
				DEBUG_INFORMATION_FORMAT = "dwarf-with-dsym";
				ENABLE_NS_ASSERTIONS = NO;
				ENABLE_STRICT_OBJC_MSGSEND = YES;
				GCC_C_LANGUAGE_STANDARD = gnu99;
				GCC_NO_COMMON_BLOCKS = YES;
				GCC_WARN_64_TO_32_BIT_CONVERSION = YES;
				GCC_WARN_ABOUT_RETURN_TYPE = YES_ERROR;
				GCC_WARN_UNDECLARED_SELECTOR = YES;
				GCC_WARN_UNINITIALIZED_AUTOS = YES_AGGRESSIVE;
				GCC_WARN_UNUSED_FUNCTION = YES;
				GCC_WARN_UNUSED_VARIABLE = YES;
				IPHONEOS_DEPLOYMENT_TARGET = 9.2;
				MTL_ENABLE_DEBUG_INFO = NO;
				SDKROOT = iphoneos;
				VALIDATE_PRODUCT = YES;
			};
			name = Release;
		};
		B633F1091C7FDF5F0094A3CA /* Debug */ = {
			isa = XCBuildConfiguration;
			baseConfigurationReference = 45BE5733F0D406D2C2B866DB /* Pods.debug.xcconfig */;
			buildSettings = {
				ASSETCATALOG_COMPILER_APPICON_NAME = AppIcon;
				INFOPLIST_FILE = Example/Info.plist;
				LD_RUNPATH_SEARCH_PATHS = "$(inherited) @executable_path/Frameworks";
				PRODUCT_BUNDLE_IDENTIFIER = jp.co.recruit.Example;
				PRODUCT_NAME = "$(TARGET_NAME)";
			};
			name = Debug;
		};
		B633F10A1C7FDF5F0094A3CA /* Release */ = {
			isa = XCBuildConfiguration;
			baseConfigurationReference = BF15F782556E590CC77D0D32 /* Pods.release.xcconfig */;
			buildSettings = {
				ASSETCATALOG_COMPILER_APPICON_NAME = AppIcon;
				INFOPLIST_FILE = Example/Info.plist;
				LD_RUNPATH_SEARCH_PATHS = "$(inherited) @executable_path/Frameworks";
				PRODUCT_BUNDLE_IDENTIFIER = jp.co.recruit.Example;
				PRODUCT_NAME = "$(TARGET_NAME)";
			};
			name = Release;
		};
/* End XCBuildConfiguration section */

/* Begin XCConfigurationList section */
		B633F0F11C7FDF5F0094A3CA /* Build configuration list for PBXProject "Example" */ = {
			isa = XCConfigurationList;
			buildConfigurations = (
				B633F1061C7FDF5F0094A3CA /* Debug */,
				B633F1071C7FDF5F0094A3CA /* Release */,
			);
			defaultConfigurationIsVisible = 0;
			defaultConfigurationName = Release;
		};
		B633F1081C7FDF5F0094A3CA /* Build configuration list for PBXNativeTarget "Example" */ = {
			isa = XCConfigurationList;
			buildConfigurations = (
				B633F1091C7FDF5F0094A3CA /* Debug */,
				B633F10A1C7FDF5F0094A3CA /* Release */,
			);
			defaultConfigurationIsVisible = 0;
			defaultConfigurationName = Release;
		};
/* End XCConfigurationList section */
	};
	rootObject = B633F0EE1C7FDF5F0094A3CA /* Project object */;
}
