// !$*UTF8*$!
{
	archiveVersion = 1;
	classes = {
	};
	objectVersion = 46;
	objects = {

/* Begin PBXBuildFile section */
		38EF8B652AF26F2465387A33 /* Pods_ABKitTests.framework in Frameworks */ = {isa = PBXBuildFile; fileRef = 22E564495A2765E422B3B15D /* Pods_ABKitTests.framework */; };
		3D10CF2B1C6DA4E1002A2016 /* ABKit.h in Headers */ = {isa = PBXBuildFile; fileRef = 3D10CF2A1C6DA4E1002A2016 /* ABKit.h */; settings = {ATTRIBUTES = (Public, ); }; };
		3D10CF321C6DA4E1002A2016 /* ABKit.framework in Frameworks */ = {isa = PBXBuildFile; fileRef = 3D10CF271C6DA4E1002A2016 /* ABKit.framework */; };
		3DBDD6751C6DBFA2007C5181 /* VersionWeight.swift in Sources */ = {isa = PBXBuildFile; fileRef = 3DBDD6741C6DBFA2007C5181 /* VersionWeight.swift */; };
		3DD4E6651C6DA9F30089473B /* SplitTest.swift in Sources */ = {isa = PBXBuildFile; fileRef = 3DD4E6641C6DA9F30089473B /* SplitTest.swift */; };
		3DD4E6671C6DAA190089473B /* Version.swift in Sources */ = {isa = PBXBuildFile; fileRef = 3DD4E6661C6DAA190089473B /* Version.swift */; };
		3DD4E66B1C6DAD410089473B /* RandomNumberRepository.swift in Sources */ = {isa = PBXBuildFile; fileRef = 3DD4E66A1C6DAD410089473B /* RandomNumberRepository.swift */; };
		3DD4E66D1C6DAE4A0089473B /* NSUserDefaults+RandomNumberRepository.swift in Sources */ = {isa = PBXBuildFile; fileRef = 3DD4E66C1C6DAE4A0089473B /* NSUserDefaults+RandomNumberRepository.swift */; };
		53D5F9B01C6DCE64004E832B /* VersionWeightSpec.swift in Sources */ = {isa = PBXBuildFile; fileRef = 53D5F9AF1C6DCE64004E832B /* VersionWeightSpec.swift */; };
		53D5F9B21C6DD149004E832B /* NSUserDefaults+RandomNumberRepositorySpec.swift in Sources */ = {isa = PBXBuildFile; fileRef = 53D5F9B11C6DD149004E832B /* NSUserDefaults+RandomNumberRepositorySpec.swift */; };
		53DC27A11C6DAED20040005E /* SplitTestSpec.swift in Sources */ = {isa = PBXBuildFile; fileRef = 53DC27A01C6DAED20040005E /* SplitTestSpec.swift */; };
/* End PBXBuildFile section */

/* Begin PBXContainerItemProxy section */
		3D10CF331C6DA4E1002A2016 /* PBXContainerItemProxy */ = {
			isa = PBXContainerItemProxy;
			containerPortal = 3D10CF1E1C6DA4E1002A2016 /* Project object */;
			proxyType = 1;
			remoteGlobalIDString = 3D10CF261C6DA4E1002A2016;
			remoteInfo = ABKit;
		};
/* End PBXContainerItemProxy section */

/* Begin PBXFileReference section */
		1030AAA5A25025EFD4FDF524 /* Pods-ABKitTests.debug.xcconfig */ = {isa = PBXFileReference; includeInIndex = 1; lastKnownFileType = text.xcconfig; name = "Pods-ABKitTests.debug.xcconfig"; path = "Pods/Target Support Files/Pods-ABKitTests/Pods-ABKitTests.debug.xcconfig"; sourceTree = "<group>"; };
		22E564495A2765E422B3B15D /* Pods_ABKitTests.framework */ = {isa = PBXFileReference; explicitFileType = wrapper.framework; includeInIndex = 0; path = Pods_ABKitTests.framework; sourceTree = BUILT_PRODUCTS_DIR; };
		3D10CF271C6DA4E1002A2016 /* ABKit.framework */ = {isa = PBXFileReference; explicitFileType = wrapper.framework; includeInIndex = 0; path = ABKit.framework; sourceTree = BUILT_PRODUCTS_DIR; };
		3D10CF2A1C6DA4E1002A2016 /* ABKit.h */ = {isa = PBXFileReference; lastKnownFileType = sourcecode.c.h; path = ABKit.h; sourceTree = "<group>"; };
		3D10CF2C1C6DA4E1002A2016 /* Info.plist */ = {isa = PBXFileReference; lastKnownFileType = text.plist.xml; path = Info.plist; sourceTree = "<group>"; };
		3D10CF311C6DA4E1002A2016 /* ABKitTests.xctest */ = {isa = PBXFileReference; explicitFileType = wrapper.cfbundle; includeInIndex = 0; path = ABKitTests.xctest; sourceTree = BUILT_PRODUCTS_DIR; };
		3D10CF381C6DA4E1002A2016 /* Info.plist */ = {isa = PBXFileReference; lastKnownFileType = text.plist.xml; path = Info.plist; sourceTree = "<group>"; };
		3DBDD6741C6DBFA2007C5181 /* VersionWeight.swift */ = {isa = PBXFileReference; fileEncoding = 4; lastKnownFileType = sourcecode.swift; path = VersionWeight.swift; sourceTree = "<group>"; };
		3DD4E6641C6DA9F30089473B /* SplitTest.swift */ = {isa = PBXFileReference; fileEncoding = 4; lastKnownFileType = sourcecode.swift; path = SplitTest.swift; sourceTree = "<group>"; };
		3DD4E6661C6DAA190089473B /* Version.swift */ = {isa = PBXFileReference; fileEncoding = 4; lastKnownFileType = sourcecode.swift; path = Version.swift; sourceTree = "<group>"; };
		3DD4E66A1C6DAD410089473B /* RandomNumberRepository.swift */ = {isa = PBXFileReference; fileEncoding = 4; lastKnownFileType = sourcecode.swift; path = RandomNumberRepository.swift; sourceTree = "<group>"; };
		3DD4E66C1C6DAE4A0089473B /* NSUserDefaults+RandomNumberRepository.swift */ = {isa = PBXFileReference; fileEncoding = 4; lastKnownFileType = sourcecode.swift; path = "NSUserDefaults+RandomNumberRepository.swift"; sourceTree = "<group>"; };
		4BFA0C4A40C2D2B016305DBC /* Pods-ABKitTests.release.xcconfig */ = {isa = PBXFileReference; includeInIndex = 1; lastKnownFileType = text.xcconfig; name = "Pods-ABKitTests.release.xcconfig"; path = "Pods/Target Support Files/Pods-ABKitTests/Pods-ABKitTests.release.xcconfig"; sourceTree = "<group>"; };
		53D5F9AF1C6DCE64004E832B /* VersionWeightSpec.swift */ = {isa = PBXFileReference; fileEncoding = 4; lastKnownFileType = sourcecode.swift; path = VersionWeightSpec.swift; sourceTree = "<group>"; };
		53D5F9B11C6DD149004E832B /* NSUserDefaults+RandomNumberRepositorySpec.swift */ = {isa = PBXFileReference; fileEncoding = 4; lastKnownFileType = sourcecode.swift; path = "NSUserDefaults+RandomNumberRepositorySpec.swift"; sourceTree = "<group>"; };
		53DC27A01C6DAED20040005E /* SplitTestSpec.swift */ = {isa = PBXFileReference; fileEncoding = 4; lastKnownFileType = sourcecode.swift; path = SplitTestSpec.swift; sourceTree = "<group>"; };
/* End PBXFileReference section */

/* Begin PBXFrameworksBuildPhase section */
		3D10CF231C6DA4E1002A2016 /* Frameworks */ = {
			isa = PBXFrameworksBuildPhase;
			buildActionMask = 2147483647;
			files = (
			);
			runOnlyForDeploymentPostprocessing = 0;
		};
		3D10CF2E1C6DA4E1002A2016 /* Frameworks */ = {
			isa = PBXFrameworksBuildPhase;
			buildActionMask = 2147483647;
			files = (
				3D10CF321C6DA4E1002A2016 /* ABKit.framework in Frameworks */,
				38EF8B652AF26F2465387A33 /* Pods_ABKitTests.framework in Frameworks */,
			);
			runOnlyForDeploymentPostprocessing = 0;
		};
/* End PBXFrameworksBuildPhase section */

/* Begin PBXGroup section */
		3D10CF1D1C6DA4E1002A2016 = {
			isa = PBXGroup;
			children = (
				3D10CF291C6DA4E1002A2016 /* ABKit */,
				3D10CF351C6DA4E1002A2016 /* ABKitTests */,
				3D10CF281C6DA4E1002A2016 /* Products */,
				B065F1B0026A1DD49EE95394 /* Pods */,
				4032D80C528A3D639DC536D5 /* Frameworks */,
			);
			sourceTree = "<group>";
		};
		3D10CF281C6DA4E1002A2016 /* Products */ = {
			isa = PBXGroup;
			children = (
				3D10CF271C6DA4E1002A2016 /* ABKit.framework */,
				3D10CF311C6DA4E1002A2016 /* ABKitTests.xctest */,
			);
			name = Products;
			sourceTree = "<group>";
		};
		3D10CF291C6DA4E1002A2016 /* ABKit */ = {
			isa = PBXGroup;
			children = (
				3DD4E6631C6DA9F30089473B /* Codes */,
				3D10CF2A1C6DA4E1002A2016 /* ABKit.h */,
				3D10CF2C1C6DA4E1002A2016 /* Info.plist */,
			);
			path = ABKit;
			sourceTree = "<group>";
		};
		3D10CF351C6DA4E1002A2016 /* ABKitTests */ = {
			isa = PBXGroup;
			children = (
				53DC27A01C6DAED20040005E /* SplitTestSpec.swift */,
				53D5F9AF1C6DCE64004E832B /* VersionWeightSpec.swift */,
				53D5F9B11C6DD149004E832B /* NSUserDefaults+RandomNumberRepositorySpec.swift */,
				3D10CF381C6DA4E1002A2016 /* Info.plist */,
			);
			path = ABKitTests;
			sourceTree = "<group>";
		};
		3DD4E6631C6DA9F30089473B /* Codes */ = {
			isa = PBXGroup;
			children = (
				3DD4E66C1C6DAE4A0089473B /* NSUserDefaults+RandomNumberRepository.swift */,
				3DD4E66A1C6DAD410089473B /* RandomNumberRepository.swift */,
				3DD4E6641C6DA9F30089473B /* SplitTest.swift */,
				3DD4E6661C6DAA190089473B /* Version.swift */,
				3DBDD6741C6DBFA2007C5181 /* VersionWeight.swift */,
			);
			path = Codes;
			sourceTree = "<group>";
		};
		4032D80C528A3D639DC536D5 /* Frameworks */ = {
			isa = PBXGroup;
			children = (
				22E564495A2765E422B3B15D /* Pods_ABKitTests.framework */,
			);
			name = Frameworks;
			sourceTree = "<group>";
		};
		B065F1B0026A1DD49EE95394 /* Pods */ = {
			isa = PBXGroup;
			children = (
				1030AAA5A25025EFD4FDF524 /* Pods-ABKitTests.debug.xcconfig */,
				4BFA0C4A40C2D2B016305DBC /* Pods-ABKitTests.release.xcconfig */,
			);
			name = Pods;
			sourceTree = "<group>";
		};
/* End PBXGroup section */

/* Begin PBXHeadersBuildPhase section */
		3D10CF241C6DA4E1002A2016 /* Headers */ = {
			isa = PBXHeadersBuildPhase;
			buildActionMask = 2147483647;
			files = (
				3D10CF2B1C6DA4E1002A2016 /* ABKit.h in Headers */,
			);
			runOnlyForDeploymentPostprocessing = 0;
		};
/* End PBXHeadersBuildPhase section */

/* Begin PBXNativeTarget section */
		3D10CF261C6DA4E1002A2016 /* ABKit */ = {
			isa = PBXNativeTarget;
			buildConfigurationList = 3D10CF3B1C6DA4E1002A2016 /* Build configuration list for PBXNativeTarget "ABKit" */;
			buildPhases = (
				3D10CF221C6DA4E1002A2016 /* Sources */,
				3D10CF231C6DA4E1002A2016 /* Frameworks */,
				3D10CF241C6DA4E1002A2016 /* Headers */,
				3D10CF251C6DA4E1002A2016 /* Resources */,
			);
			buildRules = (
			);
			dependencies = (
			);
			name = ABKit;
			productName = ABKit;
			productReference = 3D10CF271C6DA4E1002A2016 /* ABKit.framework */;
			productType = "com.apple.product-type.framework";
		};
		3D10CF301C6DA4E1002A2016 /* ABKitTests */ = {
			isa = PBXNativeTarget;
			buildConfigurationList = 3D10CF3E1C6DA4E1002A2016 /* Build configuration list for PBXNativeTarget "ABKitTests" */;
			buildPhases = (
				E25764AB338FE1DB92D00F7C /* Check Pods Manifest.lock */,
				3D10CF2D1C6DA4E1002A2016 /* Sources */,
				3D10CF2E1C6DA4E1002A2016 /* Frameworks */,
				3D10CF2F1C6DA4E1002A2016 /* Resources */,
				046228D421FEC92C198AC274 /* Embed Pods Frameworks */,
				B0D2480D98990ACCDC21F66F /* Copy Pods Resources */,
			);
			buildRules = (
			);
			dependencies = (
				3D10CF341C6DA4E1002A2016 /* PBXTargetDependency */,
			);
			name = ABKitTests;
			productName = ABKitTests;
			productReference = 3D10CF311C6DA4E1002A2016 /* ABKitTests.xctest */;
			productType = "com.apple.product-type.bundle.unit-test";
		};
/* End PBXNativeTarget section */

/* Begin PBXProject section */
		3D10CF1E1C6DA4E1002A2016 /* Project object */ = {
			isa = PBXProject;
			attributes = {
				LastSwiftUpdateCheck = 0720;
				LastUpgradeCheck = 0720;
				ORGANIZATIONNAME = "Recruit Marketing Partners Co.,Ltd.";
				TargetAttributes = {
					3D10CF261C6DA4E1002A2016 = {
						CreatedOnToolsVersion = 7.2;
					};
					3D10CF301C6DA4E1002A2016 = {
						CreatedOnToolsVersion = 7.2;
					};
				};
			};
			buildConfigurationList = 3D10CF211C6DA4E1002A2016 /* Build configuration list for PBXProject "ABKit" */;
			compatibilityVersion = "Xcode 3.2";
			developmentRegion = English;
			hasScannedForEncodings = 0;
			knownRegions = (
				en,
			);
			mainGroup = 3D10CF1D1C6DA4E1002A2016;
			productRefGroup = 3D10CF281C6DA4E1002A2016 /* Products */;
			projectDirPath = "";
			projectRoot = "";
			targets = (
				3D10CF261C6DA4E1002A2016 /* ABKit */,
				3D10CF301C6DA4E1002A2016 /* ABKitTests */,
			);
		};
/* End PBXProject section */

/* Begin PBXResourcesBuildPhase section */
		3D10CF251C6DA4E1002A2016 /* Resources */ = {
			isa = PBXResourcesBuildPhase;
			buildActionMask = 2147483647;
			files = (
			);
			runOnlyForDeploymentPostprocessing = 0;
		};
		3D10CF2F1C6DA4E1002A2016 /* Resources */ = {
			isa = PBXResourcesBuildPhase;
			buildActionMask = 2147483647;
			files = (
			);
			runOnlyForDeploymentPostprocessing = 0;
		};
/* End PBXResourcesBuildPhase section */

/* Begin PBXShellScriptBuildPhase section */
		046228D421FEC92C198AC274 /* Embed Pods Frameworks */ = {
			isa = PBXShellScriptBuildPhase;
			buildActionMask = 2147483647;
			files = (
			);
			inputPaths = (
			);
			name = "Embed Pods Frameworks";
			outputPaths = (
			);
			runOnlyForDeploymentPostprocessing = 0;
			shellPath = /bin/sh;
			shellScript = "\"${SRCROOT}/Pods/Target Support Files/Pods-ABKitTests/Pods-ABKitTests-frameworks.sh\"\n";
			showEnvVarsInLog = 0;
		};
		B0D2480D98990ACCDC21F66F /* Copy Pods Resources */ = {
			isa = PBXShellScriptBuildPhase;
			buildActionMask = 2147483647;
			files = (
			);
			inputPaths = (
			);
			name = "Copy Pods Resources";
			outputPaths = (
			);
			runOnlyForDeploymentPostprocessing = 0;
			shellPath = /bin/sh;
			shellScript = "\"${SRCROOT}/Pods/Target Support Files/Pods-ABKitTests/Pods-ABKitTests-resources.sh\"\n";
			showEnvVarsInLog = 0;
		};
		E25764AB338FE1DB92D00F7C /* Check Pods Manifest.lock */ = {
			isa = PBXShellScriptBuildPhase;
			buildActionMask = 2147483647;
			files = (
			);
			inputPaths = (
			);
			name = "Check Pods Manifest.lock";
			outputPaths = (
			);
			runOnlyForDeploymentPostprocessing = 0;
			shellPath = /bin/sh;
			shellScript = "diff \"${PODS_ROOT}/../Podfile.lock\" \"${PODS_ROOT}/Manifest.lock\" > /dev/null\nif [[ $? != 0 ]] ; then\n    cat << EOM\nerror: The sandbox is not in sync with the Podfile.lock. Run 'pod install' or update your CocoaPods installation.\nEOM\n    exit 1\nfi\n";
			showEnvVarsInLog = 0;
		};
/* End PBXShellScriptBuildPhase section */

/* Begin PBXSourcesBuildPhase section */
		3D10CF221C6DA4E1002A2016 /* Sources */ = {
			isa = PBXSourcesBuildPhase;
			buildActionMask = 2147483647;
			files = (
				3DD4E6671C6DAA190089473B /* Version.swift in Sources */,
				3DD4E6651C6DA9F30089473B /* SplitTest.swift in Sources */,
				3DD4E66D1C6DAE4A0089473B /* NSUserDefaults+RandomNumberRepository.swift in Sources */,
				3DBDD6751C6DBFA2007C5181 /* VersionWeight.swift in Sources */,
				3DD4E66B1C6DAD410089473B /* RandomNumberRepository.swift in Sources */,
			);
			runOnlyForDeploymentPostprocessing = 0;
		};
		3D10CF2D1C6DA4E1002A2016 /* Sources */ = {
			isa = PBXSourcesBuildPhase;
			buildActionMask = 2147483647;
			files = (
				53DC27A11C6DAED20040005E /* SplitTestSpec.swift in Sources */,
				53D5F9B01C6DCE64004E832B /* VersionWeightSpec.swift in Sources */,
				53D5F9B21C6DD149004E832B /* NSUserDefaults+RandomNumberRepositorySpec.swift in Sources */,
			);
			runOnlyForDeploymentPostprocessing = 0;
		};
/* End PBXSourcesBuildPhase section */

/* Begin PBXTargetDependency section */
		3D10CF341C6DA4E1002A2016 /* PBXTargetDependency */ = {
			isa = PBXTargetDependency;
			target = 3D10CF261C6DA4E1002A2016 /* ABKit */;
			targetProxy = 3D10CF331C6DA4E1002A2016 /* PBXContainerItemProxy */;
		};
/* End PBXTargetDependency section */

/* Begin XCBuildConfiguration section */
		3D10CF391C6DA4E1002A2016 /* Debug */ = {
			isa = XCBuildConfiguration;
			buildSettings = {
				ALWAYS_SEARCH_USER_PATHS = NO;
				CLANG_CXX_LANGUAGE_STANDARD = "gnu++0x";
				CLANG_CXX_LIBRARY = "libc++";
				CLANG_ENABLE_MODULES = YES;
				CLANG_ENABLE_OBJC_ARC = YES;
				CLANG_WARN_BOOL_CONVERSION = YES;
				CLANG_WARN_CONSTANT_CONVERSION = YES;
				CLANG_WARN_DIRECT_OBJC_ISA_USAGE = YES_ERROR;
				CLANG_WARN_EMPTY_BODY = YES;
				CLANG_WARN_ENUM_CONVERSION = YES;
				CLANG_WARN_INT_CONVERSION = YES;
				CLANG_WARN_OBJC_ROOT_CLASS = YES_ERROR;
				CLANG_WARN_UNREACHABLE_CODE = YES;
				CLANG_WARN__DUPLICATE_METHOD_MATCH = YES;
				"CODE_SIGN_IDENTITY[sdk=iphoneos*]" = "iPhone Developer";
				COPY_PHASE_STRIP = NO;
				CURRENT_PROJECT_VERSION = 1;
				DEBUG_INFORMATION_FORMAT = dwarf;
				ENABLE_STRICT_OBJC_MSGSEND = YES;
				ENABLE_TESTABILITY = YES;
				GCC_C_LANGUAGE_STANDARD = gnu99;
				GCC_DYNAMIC_NO_PIC = NO;
				GCC_NO_COMMON_BLOCKS = YES;
				GCC_OPTIMIZATION_LEVEL = 0;
				GCC_PREPROCESSOR_DEFINITIONS = (
					"DEBUG=1",
					"$(inherited)",
				);
				GCC_WARN_64_TO_32_BIT_CONVERSION = YES;
				GCC_WARN_ABOUT_RETURN_TYPE = YES_ERROR;
				GCC_WARN_UNDECLARED_SELECTOR = YES;
				GCC_WARN_UNINITIALIZED_AUTOS = YES_AGGRESSIVE;
				GCC_WARN_UNUSED_FUNCTION = YES;
				GCC_WARN_UNUSED_VARIABLE = YES;
				IPHONEOS_DEPLOYMENT_TARGET = 9.2;
				MTL_ENABLE_DEBUG_INFO = YES;
				ONLY_ACTIVE_ARCH = YES;
				SDKROOT = iphoneos;
				SWIFT_OPTIMIZATION_LEVEL = "-Onone";
				TARGETED_DEVICE_FAMILY = "1,2";
				VERSIONING_SYSTEM = "apple-generic";
				VERSION_INFO_PREFIX = "";
			};
			name = Debug;
		};
		3D10CF3A1C6DA4E1002A2016 /* Release */ = {
			isa = XCBuildConfiguration;
			buildSettings = {
				ALWAYS_SEARCH_USER_PATHS = NO;
				CLANG_CXX_LANGUAGE_STANDARD = "gnu++0x";
				CLANG_CXX_LIBRARY = "libc++";
				CLANG_ENABLE_MODULES = YES;
				CLANG_ENABLE_OBJC_ARC = YES;
				CLANG_WARN_BOOL_CONVERSION = YES;
				CLANG_WARN_CONSTANT_CONVERSION = YES;
				CLANG_WARN_DIRECT_OBJC_ISA_USAGE = YES_ERROR;
				CLANG_WARN_EMPTY_BODY = YES;
				CLANG_WARN_ENUM_CONVERSION = YES;
				CLANG_WARN_INT_CONVERSION = YES;
				CLANG_WARN_OBJC_ROOT_CLASS = YES_ERROR;
				CLANG_WARN_UNREACHABLE_CODE = YES;
				CLANG_WARN__DUPLICATE_METHOD_MATCH = YES;
				"CODE_SIGN_IDENTITY[sdk=iphoneos*]" = "iPhone Developer";
				COPY_PHASE_STRIP = NO;
				CURRENT_PROJECT_VERSION = 1;
				DEBUG_INFORMATION_FORMAT = "dwarf-with-dsym";
				ENABLE_NS_ASSERTIONS = NO;
				ENABLE_STRICT_OBJC_MSGSEND = YES;
				GCC_C_LANGUAGE_STANDARD = gnu99;
				GCC_NO_COMMON_BLOCKS = YES;
				GCC_WARN_64_TO_32_BIT_CONVERSION = YES;
				GCC_WARN_ABOUT_RETURN_TYPE = YES_ERROR;
				GCC_WARN_UNDECLARED_SELECTOR = YES;
				GCC_WARN_UNINITIALIZED_AUTOS = YES_AGGRESSIVE;
				GCC_WARN_UNUSED_FUNCTION = YES;
				GCC_WARN_UNUSED_VARIABLE = YES;
				IPHONEOS_DEPLOYMENT_TARGET = 9.2;
				MTL_ENABLE_DEBUG_INFO = NO;
				SDKROOT = iphoneos;
				TARGETED_DEVICE_FAMILY = "1,2";
				VALIDATE_PRODUCT = YES;
				VERSIONING_SYSTEM = "apple-generic";
				VERSION_INFO_PREFIX = "";
			};
			name = Release;
		};
		3D10CF3C1C6DA4E1002A2016 /* Debug */ = {
			isa = XCBuildConfiguration;
			buildSettings = {
				CLANG_ENABLE_MODULES = YES;
				DEFINES_MODULE = YES;
				DYLIB_COMPATIBILITY_VERSION = 1;
				DYLIB_CURRENT_VERSION = 1;
				DYLIB_INSTALL_NAME_BASE = "@rpath";
				INFOPLIST_FILE = ABKit/Info.plist;
				INSTALL_PATH = "$(LOCAL_LIBRARY_DIR)/Frameworks";
				LD_RUNPATH_SEARCH_PATHS = "$(inherited) @executable_path/Frameworks @loader_path/Frameworks";
				PRODUCT_BUNDLE_IDENTIFIER = "jp.co.recruit-mp.ABKit";
				PRODUCT_NAME = "$(TARGET_NAME)";
				SKIP_INSTALL = YES;
				SWIFT_OPTIMIZATION_LEVEL = "-Onone";
			};
			name = Debug;
		};
		3D10CF3D1C6DA4E1002A2016 /* Release */ = {
			isa = XCBuildConfiguration;
			buildSettings = {
				CLANG_ENABLE_MODULES = YES;
				DEFINES_MODULE = YES;
				DYLIB_COMPATIBILITY_VERSION = 1;
				DYLIB_CURRENT_VERSION = 1;
				DYLIB_INSTALL_NAME_BASE = "@rpath";
				INFOPLIST_FILE = ABKit/Info.plist;
				INSTALL_PATH = "$(LOCAL_LIBRARY_DIR)/Frameworks";
				LD_RUNPATH_SEARCH_PATHS = "$(inherited) @executable_path/Frameworks @loader_path/Frameworks";
				PRODUCT_BUNDLE_IDENTIFIER = "jp.co.recruit-mp.ABKit";
				PRODUCT_NAME = "$(TARGET_NAME)";
				SKIP_INSTALL = YES;
			};
			name = Release;
		};
		3D10CF3F1C6DA4E1002A2016 /* Debug */ = {
			isa = XCBuildConfiguration;
			baseConfigurationReference = 1030AAA5A25025EFD4FDF524 /* Pods-ABKitTests.debug.xcconfig */;
			buildSettings = {
				INFOPLIST_FILE = ABKitTests/Info.plist;
				LD_RUNPATH_SEARCH_PATHS = "$(inherited) @executable_path/Frameworks @loader_path/Frameworks";
				PRODUCT_BUNDLE_IDENTIFIER = "jp.co.recruit-mp.ABKitTests";
				PRODUCT_NAME = "$(TARGET_NAME)";
			};
			name = Debug;
		};
		3D10CF401C6DA4E1002A2016 /* Release */ = {
			isa = XCBuildConfiguration;
			baseConfigurationReference = 4BFA0C4A40C2D2B016305DBC /* Pods-ABKitTests.release.xcconfig */;
			buildSettings = {
				INFOPLIST_FILE = ABKitTests/Info.plist;
				LD_RUNPATH_SEARCH_PATHS = "$(inherited) @executable_path/Frameworks @loader_path/Frameworks";
				PRODUCT_BUNDLE_IDENTIFIER = "jp.co.recruit-mp.ABKitTests";
				PRODUCT_NAME = "$(TARGET_NAME)";
			};
			name = Release;
		};
/* End XCBuildConfiguration section */

/* Begin XCConfigurationList section */
		3D10CF211C6DA4E1002A2016 /* Build configuration list for PBXProject "ABKit" */ = {
			isa = XCConfigurationList;
			buildConfigurations = (
				3D10CF391C6DA4E1002A2016 /* Debug */,
				3D10CF3A1C6DA4E1002A2016 /* Release */,
			);
			defaultConfigurationIsVisible = 0;
			defaultConfigurationName = Release;
		};
		3D10CF3B1C6DA4E1002A2016 /* Build configuration list for PBXNativeTarget "ABKit" */ = {
			isa = XCConfigurationList;
			buildConfigurations = (
				3D10CF3C1C6DA4E1002A2016 /* Debug */,
				3D10CF3D1C6DA4E1002A2016 /* Release */,
			);
			defaultConfigurationIsVisible = 0;
			defaultConfigurationName = Release;
		};
		3D10CF3E1C6DA4E1002A2016 /* Build configuration list for PBXNativeTarget "ABKitTests" */ = {
			isa = XCConfigurationList;
			buildConfigurations = (
				3D10CF3F1C6DA4E1002A2016 /* Debug */,
				3D10CF401C6DA4E1002A2016 /* Release */,
			);
			defaultConfigurationIsVisible = 0;
			defaultConfigurationName = Release;
		};
/* End XCConfigurationList section */
	};
	rootObject = 3D10CF1E1C6DA4E1002A2016 /* Project object */;
}
